
Microsoft Visual Studio Solution File, Format Version 12.00
# Visual Studio 15
VisualStudioVersion = 15.0.27428.2015
MinimumVisualStudioVersion = 10.0.40219.1
Project("{FAE04EC0-301F-11D3-BF4B-00C04F79EFBC}") = "BookStore", "BookStore\BookStore.csproj", "{C6491153-D550-4827-9509-281DDF3C8FB1}"
EndProject
Global
	GlobalSection(SolutionConfigurationPlatforms) = preSolution
		Debug|Any CPU = Debug|Any CPU
		Release|Any CPU = Release|Any CPU
	EndGlobalSection
	GlobalSection(ProjectConfigurationPlatforms) = postSolution
		{C6491153-D550-4827-9509-281DDF3C8FB1}.Debug|Any CPU.ActiveCfg = Debug|Any CPU
		{C6491153-D550-4827-9509-281DDF3C8FB1}.Debug|Any CPU.Build.0 = Debug|Any CPU
		{C6491153-D550-4827-9509-281DDF3C8FB1}.Release|Any CPU.ActiveCfg = Release|Any CPU
		{C6491153-D550-4827-9509-281DDF3C8FB1}.Release|Any CPU.Build.0 = Release|Any CPU
	EndGlobalSection
	GlobalSection(SolutionProperties) = preSolution
		HideSolutionNode = FALSE
	EndGlobalSection
	GlobalSection(ExtensibilityGlobals) = postSolution
		SolutionGuid = {91FC39A7-147D-4322-AA34-67853B01248B}
	EndGlobalSection
EndGlobal
